
Microsoft Visual Studio Solution File, Format Version 12.00
# Visual Studio Version 17
VisualStudioVersion = 17.3.32901.215
MinimumVisualStudioVersion = 10.0.40219.1
Project("{FAE04EC0-301F-11D3-BF4B-00C04F79EFBC}") = "Практическая работа 12 (вариант 9, задание 4)", "Практическая работа 12 (вариант 9, задание 4).csproj", "{74B6C8B0-0A5D-4F05-9B70-FC34D7A2C87B}"
EndProject
Global
	GlobalSection(SolutionConfigurationPlatforms) = preSolution
		Debug|Any CPU = Debug|Any CPU
		Release|Any CPU = Release|Any CPU
	EndGlobalSection
	GlobalSection(ProjectConfigurationPlatforms) = postSolution
		{74B6C8B0-0A5D-4F05-9B70-FC34D7A2C87B}.Debug|Any CPU.ActiveCfg = Debug|Any CPU
		{74B6C8B0-0A5D-4F05-9B70-FC34D7A2C87B}.Debug|Any CPU.Build.0 = Debug|Any CPU
		{74B6C8B0-0A5D-4F05-9B70-FC34D7A2C87B}.Release|Any CPU.ActiveCfg = Release|Any CPU
		{74B6C8B0-0A5D-4F05-9B70-FC34D7A2C87B}.Release|Any CPU.Build.0 = Release|Any CPU
	EndGlobalSection
	GlobalSection(SolutionProperties) = preSolution
		HideSolutionNode = FALSE
	EndGlobalSection
	GlobalSection(ExtensibilityGlobals) = postSolution
		SolutionGuid = {23FC90FD-1072-40FA-B640-24A5D0D830A4}
	EndGlobalSection
EndGlobal
